
Microsoft Visual Studio Solution File, Format Version 12.00
# Visual Studio Version 16
VisualStudioVersion = 16.0.31205.134
MinimumVisualStudioVersion = 10.0.40219.1
Project("{FAE04EC0-301F-11D3-BF4B-00C04F79EFBC}") = "Variable Practice", "Variable Practice\Variable Practice.csproj", "{29832CF4-AA3C-4467-900F-F80CEFBEA0F5}"
EndProject
Global
	GlobalSection(SolutionConfigurationPlatforms) = preSolution
		Debug|Any CPU = Debug|Any CPU
		Release|Any CPU = Release|Any CPU
	EndGlobalSection
	GlobalSection(ProjectConfigurationPlatforms) = postSolution
		{29832CF4-AA3C-4467-900F-F80CEFBEA0F5}.Debug|Any CPU.ActiveCfg = Debug|Any CPU
		{29832CF4-AA3C-4467-900F-F80CEFBEA0F5}.Debug|Any CPU.Build.0 = Debug|Any CPU
		{29832CF4-AA3C-4467-900F-F80CEFBEA0F5}.Release|Any CPU.ActiveCfg = Release|Any CPU
		{29832CF4-AA3C-4467-900F-F80CEFBEA0F5}.Release|Any CPU.Build.0 = Release|Any CPU
	EndGlobalSection
	GlobalSection(SolutionProperties) = preSolution
		HideSolutionNode = FALSE
	EndGlobalSection
	GlobalSection(ExtensibilityGlobals) = postSolution
		SolutionGuid = {3752E74C-4B99-416D-96A4-3E8C329B88B2}
	EndGlobalSection
EndGlobal
